// !$*UTF8*$!
{
	archiveVersion = 1;
	classes = {
	};
	objectVersion = 46;
	objects = {

/* Begin PBXBuildFile section */
		07577EDC17F8827700BF137C /* popup-close@2x.png in Resources */ = {isa = PBXBuildFile; fileRef = 07577ED817F8827700BF137C /* popup-close@2x.png */; };
		07577EDD17F8827700BF137C /* popup-close-highlighted@2x.png in Resources */ = {isa = PBXBuildFile; fileRef = 07577ED917F8827700BF137C /* popup-close-highlighted@2x.png */; };
		07577EDE17F8827700BF137C /* popup-close.png in Resources */ = {isa = PBXBuildFile; fileRef = 07577EDA17F8827700BF137C /* popup-close.png */; };
		07577EDF17F8827700BF137C /* popup-close-highlighted.png in Resources */ = {isa = PBXBuildFile; fileRef = 07577EDB17F8827700BF137C /* popup-close-highlighted.png */; };
		07577EE217F8830300BF137C /* FAPopUpView.m in Sources */ = {isa = PBXBuildFile; fileRef = 07577EE117F8830200BF137C /* FAPopUpView.m */; };
		07577EE517F883C600BF137C /* FABlackCoverView.m in Sources */ = {isa = PBXBuildFile; fileRef = 07577EE417F883C600BF137C /* FABlackCoverView.m */; };
		07577EE817F88EB600BF137C /* FAPopupCoverView.m in Sources */ = {isa = PBXBuildFile; fileRef = 07577EE717F88EB600BF137C /* FAPopupCoverView.m */; };
		07577EEB17F89BDE00BF137C /* FAMenuCoverView.m in Sources */ = {isa = PBXBuildFile; fileRef = 07577EEA17F89BDE00BF137C /* FAMenuCoverView.m */; };
		07577EEE17F89C0100BF137C /* FAMenuView.m in Sources */ = {isa = PBXBuildFile; fileRef = 07577EED17F89C0100BF137C /* FAMenuView.m */; };
		E7120484180A67640037C32A /* FANoteEntity.m in Sources */ = {isa = PBXBuildFile; fileRef = E7120480180A67640037C32A /* FANoteEntity.m */; };
		E7120485180A67640037C32A /* FANoteItemEntity.m in Sources */ = {isa = PBXBuildFile; fileRef = E7120482180A67640037C32A /* FANoteItemEntity.m */; };
		E7120488180A67820037C32A /* FARepository.m in Sources */ = {isa = PBXBuildFile; fileRef = E7120487180A67820037C32A /* FARepository.m */; };
		E712048B180A67920037C32A /* FAMemoryManager.m in Sources */ = {isa = PBXBuildFile; fileRef = E712048A180A67920037C32A /* FAMemoryManager.m */; };
		E712048E180A679D0037C32A /* FALocalManager.m in Sources */ = {isa = PBXBuildFile; fileRef = E712048D180A679D0037C32A /* FALocalManager.m */; };
		E7120491180A67A90037C32A /* FAiCloudManager.m in Sources */ = {isa = PBXBuildFile; fileRef = E7120490180A67A90037C32A /* FAiCloudManager.m */; };
		E7120494180A82BD0037C32A /* FADocument.m in Sources */ = {isa = PBXBuildFile; fileRef = E7120493180A82BD0037C32A /* FADocument.m */; };
		E775587217F73AB900616663 /* UIFont+FAServices.m in Sources */ = {isa = PBXBuildFile; fileRef = E775587117F73AB900616663 /* UIFont+FAServices.m */; };
		E775587917F74EAB00616663 /* FACell.m in Sources */ = {isa = PBXBuildFile; fileRef = E775587817F74EAB00616663 /* FACell.m */; };
		E775587C17F74ECE00616663 /* FAPanCell.m in Sources */ = {isa = PBXBuildFile; fileRef = E775587B17F74ECE00616663 /* FAPanCell.m */; };
		E775587F17F74F7500616663 /* FANoteBookCell.m in Sources */ = {isa = PBXBuildFile; fileRef = E775587E17F74F7500616663 /* FANoteBookCell.m */; };
		E775588217F75CC400616663 /* FACellFactory.m in Sources */ = {isa = PBXBuildFile; fileRef = E775588117F75CC400616663 /* FACellFactory.m */; };
		E77558A117F7669D00616663 /* blackButton.png in Resources */ = {isa = PBXBuildFile; fileRef = E775588417F7669D00616663 /* blackButton.png */; };
		E77558A217F7669D00616663 /* blackButton@2x.png in Resources */ = {isa = PBXBuildFile; fileRef = E775588517F7669D00616663 /* blackButton@2x.png */; };
		E77558A317F7669D00616663 /* blackButtonHighlight.png in Resources */ = {isa = PBXBuildFile; fileRef = E775588617F7669D00616663 /* blackButtonHighlight.png */; };
		E77558A417F7669D00616663 /* blackButtonHighlight@2x.png in Resources */ = {isa = PBXBuildFile; fileRef = E775588717F7669D00616663 /* blackButtonHighlight@2x.png */; };
		E77558A517F7669D00616663 /* blueButton.png in Resources */ = {isa = PBXBuildFile; fileRef = E775588817F7669D00616663 /* blueButton.png */; };
		E77558A617F7669D00616663 /* blueButton@2x.png in Resources */ = {isa = PBXBuildFile; fileRef = E775588917F7669D00616663 /* blueButton@2x.png */; };
		E77558A717F7669D00616663 /* blueButtonHighlight.png in Resources */ = {isa = PBXBuildFile; fileRef = E775588A17F7669D00616663 /* blueButtonHighlight.png */; };
		E77558A817F7669D00616663 /* blueButtonHighlight@2x.png in Resources */ = {isa = PBXBuildFile; fileRef = E775588B17F7669D00616663 /* blueButtonHighlight@2x.png */; };
		E77558A917F7669D00616663 /* greenButton.png in Resources */ = {isa = PBXBuildFile; fileRef = E775588C17F7669D00616663 /* greenButton.png */; };
		E77558AA17F7669D00616663 /* greenButton@2x.png in Resources */ = {isa = PBXBuildFile; fileRef = E775588D17F7669D00616663 /* greenButton@2x.png */; };
		E77558AB17F7669D00616663 /* greenButtonHighlight.png in Resources */ = {isa = PBXBuildFile; fileRef = E775588E17F7669D00616663 /* greenButtonHighlight.png */; };
		E77558AC17F7669D00616663 /* greenButtonHighlight@2x.png in Resources */ = {isa = PBXBuildFile; fileRef = E775588F17F7669D00616663 /* greenButtonHighlight@2x.png */; };
		E77558AD17F7669D00616663 /* greyButton.png in Resources */ = {isa = PBXBuildFile; fileRef = E775589017F7669D00616663 /* greyButton.png */; };
		E77558AE17F7669D00616663 /* greyButton@2x.png in Resources */ = {isa = PBXBuildFile; fileRef = E775589117F7669D00616663 /* greyButton@2x.png */; };
		E77558AF17F7669D00616663 /* greyButton@2xpng in Resources */ = {isa = PBXBuildFile; fileRef = E775589217F7669D00616663 /* greyButton@2xpng */; };
		E77558B017F7669D00616663 /* greyButtonHighlight.png in Resources */ = {isa = PBXBuildFile; fileRef = E775589317F7669D00616663 /* greyButtonHighlight.png */; };
		E77558B117F7669D00616663 /* greyButtonHighlight@2x.png in Resources */ = {isa = PBXBuildFile; fileRef = E775589417F7669D00616663 /* greyButtonHighlight@2x.png */; };
		E77558B217F7669D00616663 /* orangeButton.png in Resources */ = {isa = PBXBuildFile; fileRef = E775589517F7669D00616663 /* orangeButton.png */; };
		E77558B317F7669D00616663 /* orangeButton@2x.png in Resources */ = {isa = PBXBuildFile; fileRef = E775589617F7669D00616663 /* orangeButton@2x.png */; };
		E77558B417F7669D00616663 /* orangeButtonHighlight.png in Resources */ = {isa = PBXBuildFile; fileRef = E775589717F7669D00616663 /* orangeButtonHighlight.png */; };
		E77558B517F7669D00616663 /* orangeButtonHighlight@2x.png in Resources */ = {isa = PBXBuildFile; fileRef = E775589817F7669D00616663 /* orangeButtonHighlight@2x.png */; };
		E77558B617F7669D00616663 /* tanButton.png in Resources */ = {isa = PBXBuildFile; fileRef = E775589917F7669D00616663 /* tanButton.png */; };
		E77558B717F7669D00616663 /* tanButton@2x.png in Resources */ = {isa = PBXBuildFile; fileRef = E775589A17F7669D00616663 /* tanButton@2x.png */; };
		E77558B817F7669D00616663 /* tanButtonHighlight.png in Resources */ = {isa = PBXBuildFile; fileRef = E775589B17F7669D00616663 /* tanButtonHighlight.png */; };
		E77558B917F7669D00616663 /* tanButtonHighlight@2x.png in Resources */ = {isa = PBXBuildFile; fileRef = E775589C17F7669D00616663 /* tanButtonHighlight@2x.png */; };
		E77558BA17F7669D00616663 /* whiteButton.png in Resources */ = {isa = PBXBuildFile; fileRef = E775589D17F7669D00616663 /* whiteButton.png */; };
		E77558BB17F7669D00616663 /* whiteButton@2x.png in Resources */ = {isa = PBXBuildFile; fileRef = E775589E17F7669D00616663 /* whiteButton@2x.png */; };
		E77558BC17F7669D00616663 /* whiteButtonHighlight.png in Resources */ = {isa = PBXBuildFile; fileRef = E775589F17F7669D00616663 /* whiteButtonHighlight.png */; };
		E77558BD17F7669D00616663 /* whiteButtonHighlight@2x.png in Resources */ = {isa = PBXBuildFile; fileRef = E77558A017F7669D00616663 /* whiteButtonHighlight@2x.png */; };
		E77558C017F7E38A00616663 /* FANoteCell.m in Sources */ = {isa = PBXBuildFile; fileRef = E77558BF17F7E38A00616663 /* FANoteCell.m */; };
		E7BE12D217F699A400B84795 /* UILabel+FAServices.m in Sources */ = {isa = PBXBuildFile; fileRef = E7BE12C217F699A300B84795 /* UILabel+FAServices.m */; };
		E7BE12D417F699A400B84795 /* FAGeometry.m in Sources */ = {isa = PBXBuildFile; fileRef = E7BE12C817F699A300B84795 /* FAGeometry.m */; };
		E7BE12D617F699A400B84795 /* UIView+FAServices.m in Sources */ = {isa = PBXBuildFile; fileRef = E7BE12CC17F699A400B84795 /* UIView+FAServices.m */; };
		E7BE12D717F699A400B84795 /* UIView+QuartzCore.m in Sources */ = {isa = PBXBuildFile; fileRef = E7BE12CE17F699A400B84795 /* UIView+QuartzCore.m */; };
		E7BE12DB17F699B100B84795 /* FAView.m in Sources */ = {isa = PBXBuildFile; fileRef = E7BE12DA17F699B100B84795 /* FAView.m */; };
		E7BE12DE17F699BA00B84795 /* FAViewController.m in Sources */ = {isa = PBXBuildFile; fileRef = E7BE12DD17F699BA00B84795 /* FAViewController.m */; };
		E7BE12E117F69DF900B84795 /* FANoteBookViewController.m in Sources */ = {isa = PBXBuildFile; fileRef = E7BE12E017F69DF900B84795 /* FANoteBookViewController.m */; };
		E7BE12E417F69E0500B84795 /* FANoteViewController.m in Sources */ = {isa = PBXBuildFile; fileRef = E7BE12E317F69E0500B84795 /* FANoteViewController.m */; };
		E7BE12EA17F69E2500B84795 /* FANoteClockViewController.m in Sources */ = {isa = PBXBuildFile; fileRef = E7BE12E917F69E2500B84795 /* FANoteClockViewController.m */; };
		E7BE12ED17F69E2E00B84795 /* FAStatisticViewController.m in Sources */ = {isa = PBXBuildFile; fileRef = E7BE12EC17F69E2E00B84795 /* FAStatisticViewController.m */; };
		E7BE12F017F69E5200B84795 /* FANoteBookView.m in Sources */ = {isa = PBXBuildFile; fileRef = E7BE12EF17F69E5200B84795 /* FANoteBookView.m */; };
		E7BE12F317F69E5C00B84795 /* FANoteView.m in Sources */ = {isa = PBXBuildFile; fileRef = E7BE12F217F69E5C00B84795 /* FANoteView.m */; };
		E7BE12F917F69E7600B84795 /* FANoteClockView.m in Sources */ = {isa = PBXBuildFile; fileRef = E7BE12F817F69E7600B84795 /* FANoteClockView.m */; };
		E7BE12FC17F69E8200B84795 /* FAStatisticView.m in Sources */ = {isa = PBXBuildFile; fileRef = E7BE12FB17F69E8200B84795 /* FAStatisticView.m */; };
		E7DE50D817EFD895006A67D6 /* Foundation.framework in Frameworks */ = {isa = PBXBuildFile; fileRef = E7DE50D717EFD895006A67D6 /* Foundation.framework */; };
		E7DE50DA17EFD895006A67D6 /* CoreGraphics.framework in Frameworks */ = {isa = PBXBuildFile; fileRef = E7DE50D917EFD895006A67D6 /* CoreGraphics.framework */; };
		E7DE50DC17EFD895006A67D6 /* UIKit.framework in Frameworks */ = {isa = PBXBuildFile; fileRef = E7DE50DB17EFD895006A67D6 /* UIKit.framework */; };
		E7DE50E217EFD895006A67D6 /* InfoPlist.strings in Resources */ = {isa = PBXBuildFile; fileRef = E7DE50E017EFD895006A67D6 /* InfoPlist.strings */; };
		E7DE50E417EFD895006A67D6 /* main.m in Sources */ = {isa = PBXBuildFile; fileRef = E7DE50E317EFD895006A67D6 /* main.m */; };
		E7DE50E817EFD895006A67D6 /* FAAppDelegate.m in Sources */ = {isa = PBXBuildFile; fileRef = E7DE50E717EFD895006A67D6 /* FAAppDelegate.m */; };
		E7DE50EA17EFD895006A67D6 /* Images.xcassets in Resources */ = {isa = PBXBuildFile; fileRef = E7DE50E917EFD895006A67D6 /* Images.xcassets */; };
		E7DE50F117EFD895006A67D6 /* XCTest.framework in Frameworks */ = {isa = PBXBuildFile; fileRef = E7DE50F017EFD895006A67D6 /* XCTest.framework */; };
		E7DE50F217EFD895006A67D6 /* Foundation.framework in Frameworks */ = {isa = PBXBuildFile; fileRef = E7DE50D717EFD895006A67D6 /* Foundation.framework */; };
		E7DE50F317EFD895006A67D6 /* UIKit.framework in Frameworks */ = {isa = PBXBuildFile; fileRef = E7DE50DB17EFD895006A67D6 /* UIKit.framework */; };
		E7DE50FB17EFD895006A67D6 /* InfoPlist.strings in Resources */ = {isa = PBXBuildFile; fileRef = E7DE50F917EFD895006A67D6 /* InfoPlist.strings */; };
		E7DE50FD17EFD895006A67D6 /* FitnessAssistantTests.m in Sources */ = {isa = PBXBuildFile; fileRef = E7DE50FC17EFD895006A67D6 /* FitnessAssistantTests.m */; };
/* End PBXBuildFile section */

/* Begin PBXContainerItemProxy section */
		E7DE50F417EFD895006A67D6 /* PBXContainerItemProxy */ = {
			isa = PBXContainerItemProxy;
			containerPortal = E7DE50CC17EFD895006A67D6 /* Project object */;
			proxyType = 1;
			remoteGlobalIDString = E7DE50D317EFD895006A67D6;
			remoteInfo = FitnessAssistant;
		};
/* End PBXContainerItemProxy section */

/* Begin PBXFileReference section */
		07577ED817F8827700BF137C /* popup-close@2x.png */ = {isa = PBXFileReference; lastKnownFileType = image.png; path = "popup-close@2x.png"; sourceTree = "<group>"; };
		07577ED917F8827700BF137C /* popup-close-highlighted@2x.png */ = {isa = PBXFileReference; lastKnownFileType = image.png; path = "popup-close-highlighted@2x.png"; sourceTree = "<group>"; };
		07577EDA17F8827700BF137C /* popup-close.png */ = {isa = PBXFileReference; lastKnownFileType = image.png; path = "popup-close.png"; sourceTree = "<group>"; };
		07577EDB17F8827700BF137C /* popup-close-highlighted.png */ = {isa = PBXFileReference; lastKnownFileType = image.png; path = "popup-close-highlighted.png"; sourceTree = "<group>"; };
		07577EE017F8830200BF137C /* FAPopUpView.h */ = {isa = PBXFileReference; fileEncoding = 4; lastKnownFileType = sourcecode.c.h; path = FAPopUpView.h; sourceTree = "<group>"; };
		07577EE117F8830200BF137C /* FAPopUpView.m */ = {isa = PBXFileReference; fileEncoding = 4; lastKnownFileType = sourcecode.c.objc; path = FAPopUpView.m; sourceTree = "<group>"; };
		07577EE317F883C600BF137C /* FABlackCoverView.h */ = {isa = PBXFileReference; fileEncoding = 4; lastKnownFileType = sourcecode.c.h; name = FABlackCoverView.h; path = ../FABlackCoverView.h; sourceTree = "<group>"; };
		07577EE417F883C600BF137C /* FABlackCoverView.m */ = {isa = PBXFileReference; fileEncoding = 4; lastKnownFileType = sourcecode.c.objc; name = FABlackCoverView.m; path = ../FABlackCoverView.m; sourceTree = "<group>"; };
		07577EE617F88EB600BF137C /* FAPopupCoverView.h */ = {isa = PBXFileReference; fileEncoding = 4; lastKnownFileType = sourcecode.c.h; name = FAPopupCoverView.h; path = FitnessAssistant/View/FAPopupCoverView.h; sourceTree = SOURCE_ROOT; };
		07577EE717F88EB600BF137C /* FAPopupCoverView.m */ = {isa = PBXFileReference; fileEncoding = 4; lastKnownFileType = sourcecode.c.objc; name = FAPopupCoverView.m; path = FitnessAssistant/View/FAPopupCoverView.m; sourceTree = SOURCE_ROOT; };
		07577EE917F89BDE00BF137C /* FAMenuCoverView.h */ = {isa = PBXFileReference; fileEncoding = 4; lastKnownFileType = sourcecode.c.h; path = FAMenuCoverView.h; sourceTree = "<group>"; };
		07577EEA17F89BDE00BF137C /* FAMenuCoverView.m */ = {isa = PBXFileReference; fileEncoding = 4; lastKnownFileType = sourcecode.c.objc; path = FAMenuCoverView.m; sourceTree = "<group>"; };
		07577EEC17F89C0100BF137C /* FAMenuView.h */ = {isa = PBXFileReference; fileEncoding = 4; lastKnownFileType = sourcecode.c.h; path = FAMenuView.h; sourceTree = "<group>"; };
		07577EED17F89C0100BF137C /* FAMenuView.m */ = {isa = PBXFileReference; fileEncoding = 4; lastKnownFileType = sourcecode.c.objc; path = FAMenuView.m; sourceTree = "<group>"; };
		E712047F180A67640037C32A /* FANoteEntity.h */ = {isa = PBXFileReference; fileEncoding = 4; lastKnownFileType = sourcecode.c.h; path = FANoteEntity.h; sourceTree = "<group>"; };
		E7120480180A67640037C32A /* FANoteEntity.m */ = {isa = PBXFileReference; fileEncoding = 4; lastKnownFileType = sourcecode.c.objc; path = FANoteEntity.m; sourceTree = "<group>"; };
		E7120481180A67640037C32A /* FANoteItemEntity.h */ = {isa = PBXFileReference; fileEncoding = 4; lastKnownFileType = sourcecode.c.h; path = FANoteItemEntity.h; sourceTree = "<group>"; };
		E7120482180A67640037C32A /* FANoteItemEntity.m */ = {isa = PBXFileReference; fileEncoding = 4; lastKnownFileType = sourcecode.c.objc; path = FANoteItemEntity.m; sourceTree = "<group>"; };
		E7120486180A67820037C32A /* FARepository.h */ = {isa = PBXFileReference; fileEncoding = 4; lastKnownFileType = sourcecode.c.h; path = FARepository.h; sourceTree = "<group>"; };
		E7120487180A67820037C32A /* FARepository.m */ = {isa = PBXFileReference; fileEncoding = 4; lastKnownFileType = sourcecode.c.objc; path = FARepository.m; sourceTree = "<group>"; };
		E7120489180A67920037C32A /* FAMemoryManager.h */ = {isa = PBXFileReference; fileEncoding = 4; lastKnownFileType = sourcecode.c.h; path = FAMemoryManager.h; sourceTree = "<group>"; };
		E712048A180A67920037C32A /* FAMemoryManager.m */ = {isa = PBXFileReference; fileEncoding = 4; lastKnownFileType = sourcecode.c.objc; path = FAMemoryManager.m; sourceTree = "<group>"; };
		E712048C180A679D0037C32A /* FALocalManager.h */ = {isa = PBXFileReference; fileEncoding = 4; lastKnownFileType = sourcecode.c.h; path = FALocalManager.h; sourceTree = "<group>"; };
		E712048D180A679D0037C32A /* FALocalManager.m */ = {isa = PBXFileReference; fileEncoding = 4; lastKnownFileType = sourcecode.c.objc; path = FALocalManager.m; sourceTree = "<group>"; };
		E712048F180A67A90037C32A /* FAiCloudManager.h */ = {isa = PBXFileReference; fileEncoding = 4; lastKnownFileType = sourcecode.c.h; path = FAiCloudManager.h; sourceTree = "<group>"; };
		E7120490180A67A90037C32A /* FAiCloudManager.m */ = {isa = PBXFileReference; fileEncoding = 4; lastKnownFileType = sourcecode.c.objc; path = FAiCloudManager.m; sourceTree = "<group>"; };
		E7120492180A82BD0037C32A /* FADocument.h */ = {isa = PBXFileReference; fileEncoding = 4; lastKnownFileType = sourcecode.c.h; path = FADocument.h; sourceTree = "<group>"; };
		E7120493180A82BD0037C32A /* FADocument.m */ = {isa = PBXFileReference; fileEncoding = 4; lastKnownFileType = sourcecode.c.objc; path = FADocument.m; sourceTree = "<group>"; };
		E7120495180B66200037C32A /* FAMemoryDelegate.h */ = {isa = PBXFileReference; lastKnownFileType = sourcecode.c.h; path = FAMemoryDelegate.h; sourceTree = "<group>"; };
		E775587017F73AB900616663 /* UIFont+FAServices.h */ = {isa = PBXFileReference; fileEncoding = 4; lastKnownFileType = sourcecode.c.h; path = "UIFont+FAServices.h"; sourceTree = "<group>"; };
		E775587117F73AB900616663 /* UIFont+FAServices.m */ = {isa = PBXFileReference; fileEncoding = 4; lastKnownFileType = sourcecode.c.objc; path = "UIFont+FAServices.m"; sourceTree = "<group>"; };
		E775587717F74EAB00616663 /* FACell.h */ = {isa = PBXFileReference; fileEncoding = 4; lastKnownFileType = sourcecode.c.h; path = FACell.h; sourceTree = "<group>"; };
		E775587817F74EAB00616663 /* FACell.m */ = {isa = PBXFileReference; fileEncoding = 4; lastKnownFileType = sourcecode.c.objc; path = FACell.m; sourceTree = "<group>"; };
		E775587A17F74ECE00616663 /* FAPanCell.h */ = {isa = PBXFileReference; fileEncoding = 4; lastKnownFileType = sourcecode.c.h; path = FAPanCell.h; sourceTree = "<group>"; };
		E775587B17F74ECE00616663 /* FAPanCell.m */ = {isa = PBXFileReference; fileEncoding = 4; lastKnownFileType = sourcecode.c.objc; path = FAPanCell.m; sourceTree = "<group>"; };
		E775587D17F74F7500616663 /* FANoteBookCell.h */ = {isa = PBXFileReference; fileEncoding = 4; lastKnownFileType = sourcecode.c.h; path = FANoteBookCell.h; sourceTree = "<group>"; };
		E775587E17F74F7500616663 /* FANoteBookCell.m */ = {isa = PBXFileReference; fileEncoding = 4; lastKnownFileType = sourcecode.c.objc; path = FANoteBookCell.m; sourceTree = "<group>"; };
		E775588017F75CC400616663 /* FACellFactory.h */ = {isa = PBXFileReference; fileEncoding = 4; lastKnownFileType = sourcecode.c.h; path = FACellFactory.h; sourceTree = "<group>"; };
		E775588117F75CC400616663 /* FACellFactory.m */ = {isa = PBXFileReference; fileEncoding = 4; lastKnownFileType = sourcecode.c.objc; path = FACellFactory.m; sourceTree = "<group>"; };
		E775588417F7669D00616663 /* blackButton.png */ = {isa = PBXFileReference; lastKnownFileType = image.png; path = blackButton.png; sourceTree = "<group>"; };
		E775588517F7669D00616663 /* blackButton@2x.png */ = {isa = PBXFileReference; lastKnownFileType = image.png; path = "blackButton@2x.png"; sourceTree = "<group>"; };
		E775588617F7669D00616663 /* blackButtonHighlight.png */ = {isa = PBXFileReference; lastKnownFileType = image.png; path = blackButtonHighlight.png; sourceTree = "<group>"; };
		E775588717F7669D00616663 /* blackButtonHighlight@2x.png */ = {isa = PBXFileReference; lastKnownFileType = image.png; path = "blackButtonHighlight@2x.png"; sourceTree = "<group>"; };
		E775588817F7669D00616663 /* blueButton.png */ = {isa = PBXFileReference; lastKnownFileType = image.png; path = blueButton.png; sourceTree = "<group>"; };
		E775588917F7669D00616663 /* blueButton@2x.png */ = {isa = PBXFileReference; lastKnownFileType = image.png; path = "blueButton@2x.png"; sourceTree = "<group>"; };
		E775588A17F7669D00616663 /* blueButtonHighlight.png */ = {isa = PBXFileReference; lastKnownFileType = image.png; path = blueButtonHighlight.png; sourceTree = "<group>"; };
		E775588B17F7669D00616663 /* blueButtonHighlight@2x.png */ = {isa = PBXFileReference; lastKnownFileType = image.png; path = "blueButtonHighlight@2x.png"; sourceTree = "<group>"; };
		E775588C17F7669D00616663 /* greenButton.png */ = {isa = PBXFileReference; lastKnownFileType = image.png; path = greenButton.png; sourceTree = "<group>"; };
		E775588D17F7669D00616663 /* greenButton@2x.png */ = {isa = PBXFileReference; lastKnownFileType = image.png; path = "greenButton@2x.png"; sourceTree = "<group>"; };
		E775588E17F7669D00616663 /* greenButtonHighlight.png */ = {isa = PBXFileReference; lastKnownFileType = image.png; path = greenButtonHighlight.png; sourceTree = "<group>"; };
		E775588F17F7669D00616663 /* greenButtonHighlight@2x.png */ = {isa = PBXFileReference; lastKnownFileType = image.png; path = "greenButtonHighlight@2x.png"; sourceTree = "<group>"; };
		E775589017F7669D00616663 /* greyButton.png */ = {isa = PBXFileReference; lastKnownFileType = image.png; path = greyButton.png; sourceTree = "<group>"; };
		E775589117F7669D00616663 /* greyButton@2x.png */ = {isa = PBXFileReference; lastKnownFileType = image.png; path = "greyButton@2x.png"; sourceTree = "<group>"; };
		E775589217F7669D00616663 /* greyButton@2xpng */ = {isa = PBXFileReference; lastKnownFileType = file; path = "greyButton@2xpng"; sourceTree = "<group>"; };
		E775589317F7669D00616663 /* greyButtonHighlight.png */ = {isa = PBXFileReference; lastKnownFileType = image.png; path = greyButtonHighlight.png; sourceTree = "<group>"; };
		E775589417F7669D00616663 /* greyButtonHighlight@2x.png */ = {isa = PBXFileReference; lastKnownFileType = image.png; path = "greyButtonHighlight@2x.png"; sourceTree = "<group>"; };
		E775589517F7669D00616663 /* orangeButton.png */ = {isa = PBXFileReference; lastKnownFileType = image.png; path = orangeButton.png; sourceTree = "<group>"; };
		E775589617F7669D00616663 /* orangeButton@2x.png */ = {isa = PBXFileReference; lastKnownFileType = image.png; path = "orangeButton@2x.png"; sourceTree = "<group>"; };
		E775589717F7669D00616663 /* orangeButtonHighlight.png */ = {isa = PBXFileReference; lastKnownFileType = image.png; path = orangeButtonHighlight.png; sourceTree = "<group>"; };
		E775589817F7669D00616663 /* orangeButtonHighlight@2x.png */ = {isa = PBXFileReference; lastKnownFileType = image.png; path = "orangeButtonHighlight@2x.png"; sourceTree = "<group>"; };
		E775589917F7669D00616663 /* tanButton.png */ = {isa = PBXFileReference; lastKnownFileType = image.png; path = tanButton.png; sourceTree = "<group>"; };
		E775589A17F7669D00616663 /* tanButton@2x.png */ = {isa = PBXFileReference; lastKnownFileType = image.png; path = "tanButton@2x.png"; sourceTree = "<group>"; };
		E775589B17F7669D00616663 /* tanButtonHighlight.png */ = {isa = PBXFileReference; lastKnownFileType = image.png; path = tanButtonHighlight.png; sourceTree = "<group>"; };
		E775589C17F7669D00616663 /* tanButtonHighlight@2x.png */ = {isa = PBXFileReference; lastKnownFileType = image.png; path = "tanButtonHighlight@2x.png"; sourceTree = "<group>"; };
		E775589D17F7669D00616663 /* whiteButton.png */ = {isa = PBXFileReference; lastKnownFileType = image.png; path = whiteButton.png; sourceTree = "<group>"; };
		E775589E17F7669D00616663 /* whiteButton@2x.png */ = {isa = PBXFileReference; lastKnownFileType = image.png; path = "whiteButton@2x.png"; sourceTree = "<group>"; };
		E775589F17F7669D00616663 /* whiteButtonHighlight.png */ = {isa = PBXFileReference; lastKnownFileType = image.png; path = whiteButtonHighlight.png; sourceTree = "<group>"; };
		E77558A017F7669D00616663 /* whiteButtonHighlight@2x.png */ = {isa = PBXFileReference; lastKnownFileType = image.png; path = "whiteButtonHighlight@2x.png"; sourceTree = "<group>"; };
		E77558BE17F7E38A00616663 /* FANoteCell.h */ = {isa = PBXFileReference; fileEncoding = 4; lastKnownFileType = sourcecode.c.h; path = FANoteCell.h; sourceTree = "<group>"; };
		E77558BF17F7E38A00616663 /* FANoteCell.m */ = {isa = PBXFileReference; fileEncoding = 4; lastKnownFileType = sourcecode.c.objc; path = FANoteCell.m; sourceTree = "<group>"; };
		E7BC13E818085939007C4091 /* FitnessAssistant.entitlements */ = {isa = PBXFileReference; lastKnownFileType = text.xml; path = FitnessAssistant.entitlements; sourceTree = "<group>"; };
		E7BE12C117F699A300B84795 /* UILabel+FAServices.h */ = {isa = PBXFileReference; fileEncoding = 4; lastKnownFileType = sourcecode.c.h; path = "UILabel+FAServices.h"; sourceTree = "<group>"; };
		E7BE12C217F699A300B84795 /* UILabel+FAServices.m */ = {isa = PBXFileReference; fileEncoding = 4; lastKnownFileType = sourcecode.c.objc; path = "UILabel+FAServices.m"; sourceTree = "<group>"; };
		E7BE12C717F699A300B84795 /* FAGeometry.h */ = {isa = PBXFileReference; fileEncoding = 4; lastKnownFileType = sourcecode.c.h; path = FAGeometry.h; sourceTree = "<group>"; };
		E7BE12C817F699A300B84795 /* FAGeometry.m */ = {isa = PBXFileReference; fileEncoding = 4; lastKnownFileType = sourcecode.c.objc; path = FAGeometry.m; sourceTree = "<group>"; };
		E7BE12CB17F699A400B84795 /* UIView+FAServices.h */ = {isa = PBXFileReference; fileEncoding = 4; lastKnownFileType = sourcecode.c.h; path = "UIView+FAServices.h"; sourceTree = "<group>"; };
		E7BE12CC17F699A400B84795 /* UIView+FAServices.m */ = {isa = PBXFileReference; fileEncoding = 4; lastKnownFileType = sourcecode.c.objc; path = "UIView+FAServices.m"; sourceTree = "<group>"; };
		E7BE12CD17F699A400B84795 /* UIView+QuartzCore.h */ = {isa = PBXFileReference; fileEncoding = 4; lastKnownFileType = sourcecode.c.h; path = "UIView+QuartzCore.h"; sourceTree = "<group>"; };
		E7BE12CE17F699A400B84795 /* UIView+QuartzCore.m */ = {isa = PBXFileReference; fileEncoding = 4; lastKnownFileType = sourcecode.c.objc; path = "UIView+QuartzCore.m"; sourceTree = "<group>"; };
		E7BE12D917F699B100B84795 /* FAView.h */ = {isa = PBXFileReference; fileEncoding = 4; lastKnownFileType = sourcecode.c.h; path = FAView.h; sourceTree = "<group>"; };
		E7BE12DA17F699B100B84795 /* FAView.m */ = {isa = PBXFileReference; fileEncoding = 4; lastKnownFileType = sourcecode.c.objc; path = FAView.m; sourceTree = "<group>"; };
		E7BE12DC17F699BA00B84795 /* FAViewController.h */ = {isa = PBXFileReference; fileEncoding = 4; lastKnownFileType = sourcecode.c.h; path = FAViewController.h; sourceTree = "<group>"; };
		E7BE12DD17F699BA00B84795 /* FAViewController.m */ = {isa = PBXFileReference; fileEncoding = 4; lastKnownFileType = sourcecode.c.objc; path = FAViewController.m; sourceTree = "<group>"; };
		E7BE12DF17F69DF900B84795 /* FANoteBookViewController.h */ = {isa = PBXFileReference; fileEncoding = 4; lastKnownFileType = sourcecode.c.h; path = FANoteBookViewController.h; sourceTree = "<group>"; };
		E7BE12E017F69DF900B84795 /* FANoteBookViewController.m */ = {isa = PBXFileReference; fileEncoding = 4; lastKnownFileType = sourcecode.c.objc; path = FANoteBookViewController.m; sourceTree = "<group>"; };
		E7BE12E217F69E0500B84795 /* FANoteViewController.h */ = {isa = PBXFileReference; fileEncoding = 4; lastKnownFileType = sourcecode.c.h; path = FANoteViewController.h; sourceTree = "<group>"; };
		E7BE12E317F69E0500B84795 /* FANoteViewController.m */ = {isa = PBXFileReference; fileEncoding = 4; lastKnownFileType = sourcecode.c.objc; path = FANoteViewController.m; sourceTree = "<group>"; };
		E7BE12E817F69E2500B84795 /* FANoteClockViewController.h */ = {isa = PBXFileReference; fileEncoding = 4; lastKnownFileType = sourcecode.c.h; path = FANoteClockViewController.h; sourceTree = "<group>"; };
		E7BE12E917F69E2500B84795 /* FANoteClockViewController.m */ = {isa = PBXFileReference; fileEncoding = 4; lastKnownFileType = sourcecode.c.objc; path = FANoteClockViewController.m; sourceTree = "<group>"; };
		E7BE12EB17F69E2E00B84795 /* FAStatisticViewController.h */ = {isa = PBXFileReference; fileEncoding = 4; lastKnownFileType = sourcecode.c.h; path = FAStatisticViewController.h; sourceTree = "<group>"; };
		E7BE12EC17F69E2E00B84795 /* FAStatisticViewController.m */ = {isa = PBXFileReference; fileEncoding = 4; lastKnownFileType = sourcecode.c.objc; path = FAStatisticViewController.m; sourceTree = "<group>"; };
		E7BE12EE17F69E5200B84795 /* FANoteBookView.h */ = {isa = PBXFileReference; fileEncoding = 4; lastKnownFileType = sourcecode.c.h; path = FANoteBookView.h; sourceTree = "<group>"; };
		E7BE12EF17F69E5200B84795 /* FANoteBookView.m */ = {isa = PBXFileReference; fileEncoding = 4; lastKnownFileType = sourcecode.c.objc; path = FANoteBookView.m; sourceTree = "<group>"; };
		E7BE12F117F69E5C00B84795 /* FANoteView.h */ = {isa = PBXFileReference; fileEncoding = 4; lastKnownFileType = sourcecode.c.h; path = FANoteView.h; sourceTree = "<group>"; };
		E7BE12F217F69E5C00B84795 /* FANoteView.m */ = {isa = PBXFileReference; fileEncoding = 4; lastKnownFileType = sourcecode.c.objc; path = FANoteView.m; sourceTree = "<group>"; };
		E7BE12F717F69E7600B84795 /* FANoteClockView.h */ = {isa = PBXFileReference; fileEncoding = 4; lastKnownFileType = sourcecode.c.h; path = FANoteClockView.h; sourceTree = "<group>"; };
		E7BE12F817F69E7600B84795 /* FANoteClockView.m */ = {isa = PBXFileReference; fileEncoding = 4; lastKnownFileType = sourcecode.c.objc; path = FANoteClockView.m; sourceTree = "<group>"; };
		E7BE12FA17F69E8200B84795 /* FAStatisticView.h */ = {isa = PBXFileReference; fileEncoding = 4; lastKnownFileType = sourcecode.c.h; path = FAStatisticView.h; sourceTree = "<group>"; };
		E7BE12FB17F69E8200B84795 /* FAStatisticView.m */ = {isa = PBXFileReference; fileEncoding = 4; lastKnownFileType = sourcecode.c.objc; path = FAStatisticView.m; sourceTree = "<group>"; };
		E7DE50D417EFD895006A67D6 /* FitnessAssistant.app */ = {isa = PBXFileReference; explicitFileType = wrapper.application; includeInIndex = 0; path = FitnessAssistant.app; sourceTree = BUILT_PRODUCTS_DIR; };
		E7DE50D717EFD895006A67D6 /* Foundation.framework */ = {isa = PBXFileReference; lastKnownFileType = wrapper.framework; name = Foundation.framework; path = System/Library/Frameworks/Foundation.framework; sourceTree = SDKROOT; };
		E7DE50D917EFD895006A67D6 /* CoreGraphics.framework */ = {isa = PBXFileReference; lastKnownFileType = wrapper.framework; name = CoreGraphics.framework; path = System/Library/Frameworks/CoreGraphics.framework; sourceTree = SDKROOT; };
		E7DE50DB17EFD895006A67D6 /* UIKit.framework */ = {isa = PBXFileReference; lastKnownFileType = wrapper.framework; name = UIKit.framework; path = System/Library/Frameworks/UIKit.framework; sourceTree = SDKROOT; };
		E7DE50DF17EFD895006A67D6 /* FitnessAssistant-Info.plist */ = {isa = PBXFileReference; lastKnownFileType = text.plist.xml; path = "FitnessAssistant-Info.plist"; sourceTree = "<group>"; };
		E7DE50E117EFD895006A67D6 /* en */ = {isa = PBXFileReference; lastKnownFileType = text.plist.strings; name = en; path = en.lproj/InfoPlist.strings; sourceTree = "<group>"; };
		E7DE50E317EFD895006A67D6 /* main.m */ = {isa = PBXFileReference; lastKnownFileType = sourcecode.c.objc; path = main.m; sourceTree = "<group>"; };
		E7DE50E517EFD895006A67D6 /* FitnessAssistant-Prefix.pch */ = {isa = PBXFileReference; lastKnownFileType = sourcecode.c.h; path = "FitnessAssistant-Prefix.pch"; sourceTree = "<group>"; };
		E7DE50E617EFD895006A67D6 /* FAAppDelegate.h */ = {isa = PBXFileReference; lastKnownFileType = sourcecode.c.h; path = FAAppDelegate.h; sourceTree = "<group>"; };
		E7DE50E717EFD895006A67D6 /* FAAppDelegate.m */ = {isa = PBXFileReference; lastKnownFileType = sourcecode.c.objc; path = FAAppDelegate.m; sourceTree = "<group>"; };
		E7DE50E917EFD895006A67D6 /* Images.xcassets */ = {isa = PBXFileReference; lastKnownFileType = folder.assetcatalog; path = Images.xcassets; sourceTree = "<group>"; };
		E7DE50EF17EFD895006A67D6 /* FitnessAssistantTests.xctest */ = {isa = PBXFileReference; explicitFileType = wrapper.cfbundle; includeInIndex = 0; path = FitnessAssistantTests.xctest; sourceTree = BUILT_PRODUCTS_DIR; };
		E7DE50F017EFD895006A67D6 /* XCTest.framework */ = {isa = PBXFileReference; lastKnownFileType = wrapper.framework; name = XCTest.framework; path = Library/Frameworks/XCTest.framework; sourceTree = DEVELOPER_DIR; };
		E7DE50F817EFD895006A67D6 /* FitnessAssistantTests-Info.plist */ = {isa = PBXFileReference; lastKnownFileType = text.plist.xml; path = "FitnessAssistantTests-Info.plist"; sourceTree = "<group>"; };
		E7DE50FA17EFD895006A67D6 /* en */ = {isa = PBXFileReference; lastKnownFileType = text.plist.strings; name = en; path = en.lproj/InfoPlist.strings; sourceTree = "<group>"; };
		E7DE50FC17EFD895006A67D6 /* FitnessAssistantTests.m */ = {isa = PBXFileReference; lastKnownFileType = sourcecode.c.objc; path = FitnessAssistantTests.m; sourceTree = "<group>"; };
/* End PBXFileReference section */

/* Begin PBXFrameworksBuildPhase section */
		E7DE50D117EFD895006A67D6 /* Frameworks */ = {
			isa = PBXFrameworksBuildPhase;
			buildActionMask = 2147483647;
			files = (
				E7DE50DA17EFD895006A67D6 /* CoreGraphics.framework in Frameworks */,
				E7DE50DC17EFD895006A67D6 /* UIKit.framework in Frameworks */,
				E7DE50D817EFD895006A67D6 /* Foundation.framework in Frameworks */,
			);
			runOnlyForDeploymentPostprocessing = 0;
		};
		E7DE50EC17EFD895006A67D6 /* Frameworks */ = {
			isa = PBXFrameworksBuildPhase;
			buildActionMask = 2147483647;
			files = (
				E7DE50F117EFD895006A67D6 /* XCTest.framework in Frameworks */,
				E7DE50F317EFD895006A67D6 /* UIKit.framework in Frameworks */,
				E7DE50F217EFD895006A67D6 /* Foundation.framework in Frameworks */,
			);
			runOnlyForDeploymentPostprocessing = 0;
		};
/* End PBXFrameworksBuildPhase section */

/* Begin PBXGroup section */
		E712047D180A67640037C32A /* Modal */ = {
			isa = PBXGroup;
			children = (
				E712047E180A67640037C32A /* Data */,
				E7120483180A67640037C32A /* ModalController */,
			);
			path = Modal;
			sourceTree = "<group>";
		};
		E712047E180A67640037C32A /* Data */ = {
			isa = PBXGroup;
			children = (
				E712047F180A67640037C32A /* FANoteEntity.h */,
				E7120480180A67640037C32A /* FANoteEntity.m */,
				E7120481180A67640037C32A /* FANoteItemEntity.h */,
				E7120482180A67640037C32A /* FANoteItemEntity.m */,
			);
			path = Data;
			sourceTree = "<group>";
		};
		E7120483180A67640037C32A /* ModalController */ = {
			isa = PBXGroup;
			children = (
				E7120486180A67820037C32A /* FARepository.h */,
				E7120487180A67820037C32A /* FARepository.m */,
				E7120489180A67920037C32A /* FAMemoryManager.h */,
				E712048A180A67920037C32A /* FAMemoryManager.m */,
				E712048C180A679D0037C32A /* FALocalManager.h */,
				E712048D180A679D0037C32A /* FALocalManager.m */,
				E712048F180A67A90037C32A /* FAiCloudManager.h */,
				E7120490180A67A90037C32A /* FAiCloudManager.m */,
				E7120492180A82BD0037C32A /* FADocument.h */,
				E7120493180A82BD0037C32A /* FADocument.m */,
				E7120495180B66200037C32A /* FAMemoryDelegate.h */,
			);
			path = ModalController;
			sourceTree = "<group>";
		};
		E775586F17F73A8900616663 /* UIFont */ = {
			isa = PBXGroup;
			children = (
				E775587017F73AB900616663 /* UIFont+FAServices.h */,
				E775587117F73AB900616663 /* UIFont+FAServices.m */,
			);
			path = UIFont;
			sourceTree = "<group>";
		};
		E775587617F74EAB00616663 /* Cell */ = {
			isa = PBXGroup;
			children = (
				E775587717F74EAB00616663 /* FACell.h */,
				E775587817F74EAB00616663 /* FACell.m */,
				E775587A17F74ECE00616663 /* FAPanCell.h */,
				E775587B17F74ECE00616663 /* FAPanCell.m */,
				E775587D17F74F7500616663 /* FANoteBookCell.h */,
				E775587E17F74F7500616663 /* FANoteBookCell.m */,
				E775588017F75CC400616663 /* FACellFactory.h */,
				E775588117F75CC400616663 /* FACellFactory.m */,
				E77558BE17F7E38A00616663 /* FANoteCell.h */,
				E77558BF17F7E38A00616663 /* FANoteCell.m */,
			);
			path = Cell;
			sourceTree = "<group>";
		};
		E775588317F7669D00616663 /* buttons */ = {
			isa = PBXGroup;
			children = (
				E775588417F7669D00616663 /* blackButton.png */,
				E775588517F7669D00616663 /* blackButton@2x.png */,
				E775588617F7669D00616663 /* blackButtonHighlight.png */,
				E775588717F7669D00616663 /* blackButtonHighlight@2x.png */,
				E775588817F7669D00616663 /* blueButton.png */,
				E775588917F7669D00616663 /* blueButton@2x.png */,
				E775588A17F7669D00616663 /* blueButtonHighlight.png */,
				E775588B17F7669D00616663 /* blueButtonHighlight@2x.png */,
				E775588C17F7669D00616663 /* greenButton.png */,
				E775588D17F7669D00616663 /* greenButton@2x.png */,
				E775588E17F7669D00616663 /* greenButtonHighlight.png */,
				E775588F17F7669D00616663 /* greenButtonHighlight@2x.png */,
				E775589017F7669D00616663 /* greyButton.png */,
				E775589117F7669D00616663 /* greyButton@2x.png */,
				E775589217F7669D00616663 /* greyButton@2xpng */,
				E775589317F7669D00616663 /* greyButtonHighlight.png */,
				E775589417F7669D00616663 /* greyButtonHighlight@2x.png */,
				E775589517F7669D00616663 /* orangeButton.png */,
				E775589617F7669D00616663 /* orangeButton@2x.png */,
				E775589717F7669D00616663 /* orangeButtonHighlight.png */,
				E775589817F7669D00616663 /* orangeButtonHighlight@2x.png */,
				E775589917F7669D00616663 /* tanButton.png */,
				E775589A17F7669D00616663 /* tanButton@2x.png */,
				E775589B17F7669D00616663 /* tanButtonHighlight.png */,
				E775589C17F7669D00616663 /* tanButtonHighlight@2x.png */,
				E775589D17F7669D00616663 /* whiteButton.png */,
				E775589E17F7669D00616663 /* whiteButton@2x.png */,
				E775589F17F7669D00616663 /* whiteButtonHighlight.png */,
				E77558A017F7669D00616663 /* whiteButtonHighlight@2x.png */,
			);
			path = buttons;
			sourceTree = "<group>";
		};
		E7BE12B217F55FA000B84795 /* Controller */ = {
			isa = PBXGroup;
			children = (
				E7BE12B317F55FA000B84795 /* Base */,
				E7BE12DF17F69DF900B84795 /* FANoteBookViewController.h */,
				E7BE12E017F69DF900B84795 /* FANoteBookViewController.m */,
				E7BE12E217F69E0500B84795 /* FANoteViewController.h */,
				E7BE12E317F69E0500B84795 /* FANoteViewController.m */,
				E7BE12E817F69E2500B84795 /* FANoteClockViewController.h */,
				E7BE12E917F69E2500B84795 /* FANoteClockViewController.m */,
				E7BE12EB17F69E2E00B84795 /* FAStatisticViewController.h */,
				E7BE12EC17F69E2E00B84795 /* FAStatisticViewController.m */,
			);
			path = Controller;
			sourceTree = "<group>";
		};
		E7BE12B317F55FA000B84795 /* Base */ = {
			isa = PBXGroup;
			children = (
				E7BE12DC17F699BA00B84795 /* FAViewController.h */,
				E7BE12DD17F699BA00B84795 /* FAViewController.m */,
			);
			path = Base;
			sourceTree = "<group>";
		};
		E7BE12B417F55FA000B84795 /* Resource */ = {
			isa = PBXGroup;
			children = (
				E7BE12B517F55FA000B84795 /* image */,
			);
			path = Resource;
			sourceTree = "<group>";
		};
		E7BE12B517F55FA000B84795 /* image */ = {
			isa = PBXGroup;
			children = (
				07577ED817F8827700BF137C /* popup-close@2x.png */,
				07577ED917F8827700BF137C /* popup-close-highlighted@2x.png */,
				07577EDA17F8827700BF137C /* popup-close.png */,
				07577EDB17F8827700BF137C /* popup-close-highlighted.png */,
				E775588317F7669D00616663 /* buttons */,
			);
			path = image;
			sourceTree = "<group>";
		};
		E7BE12B617F55FA000B84795 /* Tool */ = {
			isa = PBXGroup;
			children = (
				E7BE12BC17F699A300B84795 /* Categories */,
			);
			path = Tool;
			sourceTree = "<group>";
		};
		E7BE12B717F55FA000B84795 /* View */ = {
			isa = PBXGroup;
			children = (
				E775587617F74EAB00616663 /* Cell */,
				E7BE12B817F55FA000B84795 /* Base */,
				E7BE12EE17F69E5200B84795 /* FANoteBookView.h */,
				E7BE12EF17F69E5200B84795 /* FANoteBookView.m */,
				E7BE12F117F69E5C00B84795 /* FANoteView.h */,
				E7BE12F217F69E5C00B84795 /* FANoteView.m */,
				E7BE12F717F69E7600B84795 /* FANoteClockView.h */,
				E7BE12F817F69E7600B84795 /* FANoteClockView.m */,
				E7BE12FA17F69E8200B84795 /* FAStatisticView.h */,
				E7BE12FB17F69E8200B84795 /* FAStatisticView.m */,
				07577EE617F88EB600BF137C /* FAPopupCoverView.h */,
				07577EE717F88EB600BF137C /* FAPopupCoverView.m */,
				07577EE017F8830200BF137C /* FAPopUpView.h */,
				07577EE117F8830200BF137C /* FAPopUpView.m */,
				07577EE917F89BDE00BF137C /* FAMenuCoverView.h */,
				07577EEA17F89BDE00BF137C /* FAMenuCoverView.m */,
				07577EEC17F89C0100BF137C /* FAMenuView.h */,
				07577EED17F89C0100BF137C /* FAMenuView.m */,
			);
			path = View;
			sourceTree = "<group>";
		};
		E7BE12B817F55FA000B84795 /* Base */ = {
			isa = PBXGroup;
			children = (
				07577EE317F883C600BF137C /* FABlackCoverView.h */,
				07577EE417F883C600BF137C /* FABlackCoverView.m */,
				E7BE12D917F699B100B84795 /* FAView.h */,
				E7BE12DA17F699B100B84795 /* FAView.m */,
			);
			path = Base;
			sourceTree = "<group>";
		};
		E7BE12BC17F699A300B84795 /* Categories */ = {
			isa = PBXGroup;
			children = (
				E775586F17F73A8900616663 /* UIFont */,
				E7BE12C017F699A300B84795 /* UILabel */,
				E7BE12C617F699A300B84795 /* UIView */,
			);
			path = Categories;
			sourceTree = "<group>";
		};
		E7BE12C017F699A300B84795 /* UILabel */ = {
			isa = PBXGroup;
			children = (
				E7BE12C117F699A300B84795 /* UILabel+FAServices.h */,
				E7BE12C217F699A300B84795 /* UILabel+FAServices.m */,
			);
			path = UILabel;
			sourceTree = "<group>";
		};
		E7BE12C617F699A300B84795 /* UIView */ = {
			isa = PBXGroup;
			children = (
				E7BE12C717F699A300B84795 /* FAGeometry.h */,
				E7BE12C817F699A300B84795 /* FAGeometry.m */,
				E7BE12CB17F699A400B84795 /* UIView+FAServices.h */,
				E7BE12CC17F699A400B84795 /* UIView+FAServices.m */,
				E7BE12CD17F699A400B84795 /* UIView+QuartzCore.h */,
				E7BE12CE17F699A400B84795 /* UIView+QuartzCore.m */,
			);
			path = UIView;
			sourceTree = "<group>";
		};
		E7DE50CB17EFD895006A67D6 = {
			isa = PBXGroup;
			children = (
				E7DE50DD17EFD895006A67D6 /* FitnessAssistant */,
				E7DE50F617EFD895006A67D6 /* FitnessAssistantTests */,
				E7DE50D617EFD895006A67D6 /* Frameworks */,
				E7DE50D517EFD895006A67D6 /* Products */,
			);
			sourceTree = "<group>";
		};
		E7DE50D517EFD895006A67D6 /* Products */ = {
			isa = PBXGroup;
			children = (
				E7DE50D417EFD895006A67D6 /* FitnessAssistant.app */,
				E7DE50EF17EFD895006A67D6 /* FitnessAssistantTests.xctest */,
			);
			name = Products;
			sourceTree = "<group>";
		};
		E7DE50D617EFD895006A67D6 /* Frameworks */ = {
			isa = PBXGroup;
			children = (
				E7DE50D717EFD895006A67D6 /* Foundation.framework */,
				E7DE50D917EFD895006A67D6 /* CoreGraphics.framework */,
				E7DE50DB17EFD895006A67D6 /* UIKit.framework */,
				E7DE50F017EFD895006A67D6 /* XCTest.framework */,
			);
			name = Frameworks;
			sourceTree = "<group>";
		};
		E7DE50DD17EFD895006A67D6 /* FitnessAssistant */ = {
			isa = PBXGroup;
			children = (
				E7BC13E818085939007C4091 /* FitnessAssistant.entitlements */,
				E7DE50E617EFD895006A67D6 /* FAAppDelegate.h */,
				E7DE50E717EFD895006A67D6 /* FAAppDelegate.m */,
				E7BE12B217F55FA000B84795 /* Controller */,
				E7BE12B717F55FA000B84795 /* View */,
				E7BE12B417F55FA000B84795 /* Resource */,
				E7BE12B617F55FA000B84795 /* Tool */,
				E712047D180A67640037C32A /* Modal */,
				E7DE50E917EFD895006A67D6 /* Images.xcassets */,
				E7DE50DE17EFD895006A67D6 /* Supporting Files */,
			);
			path = FitnessAssistant;
			sourceTree = "<group>";
		};
		E7DE50DE17EFD895006A67D6 /* Supporting Files */ = {
			isa = PBXGroup;
			children = (
				E7DE50DF17EFD895006A67D6 /* FitnessAssistant-Info.plist */,
				E7DE50E017EFD895006A67D6 /* InfoPlist.strings */,
				E7DE50E317EFD895006A67D6 /* main.m */,
				E7DE50E517EFD895006A67D6 /* FitnessAssistant-Prefix.pch */,
			);
			name = "Supporting Files";
			sourceTree = "<group>";
		};
		E7DE50F617EFD895006A67D6 /* FitnessAssistantTests */ = {
			isa = PBXGroup;
			children = (
				E7DE50FC17EFD895006A67D6 /* FitnessAssistantTests.m */,
				E7DE50F717EFD895006A67D6 /* Supporting Files */,
			);
			path = FitnessAssistantTests;
			sourceTree = "<group>";
		};
		E7DE50F717EFD895006A67D6 /* Supporting Files */ = {
			isa = PBXGroup;
			children = (
				E7DE50F817EFD895006A67D6 /* FitnessAssistantTests-Info.plist */,
				E7DE50F917EFD895006A67D6 /* InfoPlist.strings */,
			);
			name = "Supporting Files";
			sourceTree = "<group>";
		};
/* End PBXGroup section */

/* Begin PBXNativeTarget section */
		E7DE50D317EFD895006A67D6 /* FitnessAssistant */ = {
			isa = PBXNativeTarget;
			buildConfigurationList = E7DE510017EFD895006A67D6 /* Build configuration list for PBXNativeTarget "FitnessAssistant" */;
			buildPhases = (
				E7DE50D017EFD895006A67D6 /* Sources */,
				E7DE50D117EFD895006A67D6 /* Frameworks */,
				E7DE50D217EFD895006A67D6 /* Resources */,
			);
			buildRules = (
			);
			dependencies = (
			);
			name = FitnessAssistant;
			productName = FitnessAssistant;
			productReference = E7DE50D417EFD895006A67D6 /* FitnessAssistant.app */;
			productType = "com.apple.product-type.application";
		};
		E7DE50EE17EFD895006A67D6 /* FitnessAssistantTests */ = {
			isa = PBXNativeTarget;
			buildConfigurationList = E7DE510317EFD895006A67D6 /* Build configuration list for PBXNativeTarget "FitnessAssistantTests" */;
			buildPhases = (
				E7DE50EB17EFD895006A67D6 /* Sources */,
				E7DE50EC17EFD895006A67D6 /* Frameworks */,
				E7DE50ED17EFD895006A67D6 /* Resources */,
			);
			buildRules = (
			);
			dependencies = (
				E7DE50F517EFD895006A67D6 /* PBXTargetDependency */,
			);
			name = FitnessAssistantTests;
			productName = FitnessAssistantTests;
			productReference = E7DE50EF17EFD895006A67D6 /* FitnessAssistantTests.xctest */;
			productType = "com.apple.product-type.bundle.unit-test";
		};
/* End PBXNativeTarget section */

/* Begin PBXProject section */
		E7DE50CC17EFD895006A67D6 /* Project object */ = {
			isa = PBXProject;
			attributes = {
				CLASSPREFIX = FA;
				LastUpgradeCheck = 0500;
				ORGANIZATIONNAME = iBros;
				TargetAttributes = {
					E7DE50D317EFD895006A67D6 = {
						DevelopmentTeam = YETVG3H8VD;
						SystemCapabilities = {
							com.apple.iCloud = {
								enabled = 1;
							};
						};
					};
					E7DE50EE17EFD895006A67D6 = {
						TestTargetID = E7DE50D317EFD895006A67D6;
					};
				};
			};
			buildConfigurationList = E7DE50CF17EFD895006A67D6 /* Build configuration list for PBXProject "FitnessAssistant" */;
			compatibilityVersion = "Xcode 3.2";
			developmentRegion = English;
			hasScannedForEncodings = 0;
			knownRegions = (
				en,
			);
			mainGroup = E7DE50CB17EFD895006A67D6;
			productRefGroup = E7DE50D517EFD895006A67D6 /* Products */;
			projectDirPath = "";
			projectRoot = "";
			targets = (
				E7DE50D317EFD895006A67D6 /* FitnessAssistant */,
				E7DE50EE17EFD895006A67D6 /* FitnessAssistantTests */,
			);
		};
/* End PBXProject section */

/* Begin PBXResourcesBuildPhase section */
		E7DE50D217EFD895006A67D6 /* Resources */ = {
			isa = PBXResourcesBuildPhase;
			buildActionMask = 2147483647;
			files = (
				E77558A217F7669D00616663 /* blackButton@2x.png in Resources */,
				E77558AE17F7669D00616663 /* greyButton@2x.png in Resources */,
				E77558AC17F7669D00616663 /* greenButtonHighlight@2x.png in Resources */,
				E7DE50E217EFD895006A67D6 /* InfoPlist.strings in Resources */,
				E77558A917F7669D00616663 /* greenButton.png in Resources */,
				E77558B917F7669D00616663 /* tanButtonHighlight@2x.png in Resources */,
				07577EDF17F8827700BF137C /* popup-close-highlighted.png in Resources */,
				07577EDC17F8827700BF137C /* popup-close@2x.png in Resources */,
				E77558A617F7669D00616663 /* blueButton@2x.png in Resources */,
				E77558B817F7669D00616663 /* tanButtonHighlight.png in Resources */,
				E77558B317F7669D00616663 /* orangeButton@2x.png in Resources */,
				E77558AA17F7669D00616663 /* greenButton@2x.png in Resources */,
				E77558AB17F7669D00616663 /* greenButtonHighlight.png in Resources */,
				E77558A817F7669D00616663 /* blueButtonHighlight@2x.png in Resources */,
				E77558A717F7669D00616663 /* blueButtonHighlight.png in Resources */,
				E77558A117F7669D00616663 /* blackButton.png in Resources */,
				E77558B017F7669D00616663 /* greyButtonHighlight.png in Resources */,
				E77558BB17F7669D00616663 /* whiteButton@2x.png in Resources */,
				E77558B717F7669D00616663 /* tanButton@2x.png in Resources */,
				E77558AF17F7669D00616663 /* greyButton@2xpng in Resources */,
				07577EDD17F8827700BF137C /* popup-close-highlighted@2x.png in Resources */,
				E77558BC17F7669D00616663 /* whiteButtonHighlight.png in Resources */,
				E7DE50EA17EFD895006A67D6 /* Images.xcassets in Resources */,
				E77558B617F7669D00616663 /* tanButton.png in Resources */,
				E77558BA17F7669D00616663 /* whiteButton.png in Resources */,
				E77558A517F7669D00616663 /* blueButton.png in Resources */,
				E77558B417F7669D00616663 /* orangeButtonHighlight.png in Resources */,
				E77558A317F7669D00616663 /* blackButtonHighlight.png in Resources */,
				07577EDE17F8827700BF137C /* popup-close.png in Resources */,
				E77558AD17F7669D00616663 /* greyButton.png in Resources */,
				E77558BD17F7669D00616663 /* whiteButtonHighlight@2x.png in Resources */,
				E77558A417F7669D00616663 /* blackButtonHighlight@2x.png in Resources */,
				E77558B517F7669D00616663 /* orangeButtonHighlight@2x.png in Resources */,
				E77558B117F7669D00616663 /* greyButtonHighlight@2x.png in Resources */,
				E77558B217F7669D00616663 /* orangeButton.png in Resources */,
			);
			runOnlyForDeploymentPostprocessing = 0;
		};
		E7DE50ED17EFD895006A67D6 /* Resources */ = {
			isa = PBXResourcesBuildPhase;
			buildActionMask = 2147483647;
			files = (
				E7DE50FB17EFD895006A67D6 /* InfoPlist.strings in Resources */,
			);
			runOnlyForDeploymentPostprocessing = 0;
		};
/* End PBXResourcesBuildPhase section */

/* Begin PBXSourcesBuildPhase section */
		E7DE50D017EFD895006A67D6 /* Sources */ = {
			isa = PBXSourcesBuildPhase;
			buildActionMask = 2147483647;
			files = (
				E7BE12D417F699A400B84795 /* FAGeometry.m in Sources */,
				E7BE12D217F699A400B84795 /* UILabel+FAServices.m in Sources */,
				E7BE12F017F69E5200B84795 /* FANoteBookView.m in Sources */,
				E7120491180A67A90037C32A /* FAiCloudManager.m in Sources */,
				E7120484180A67640037C32A /* FANoteEntity.m in Sources */,
				E7BE12DB17F699B100B84795 /* FAView.m in Sources */,
				E775587F17F74F7500616663 /* FANoteBookCell.m in Sources */,
				E7120494180A82BD0037C32A /* FADocument.m in Sources */,
				E7DE50E417EFD895006A67D6 /* main.m in Sources */,
				07577EEE17F89C0100BF137C /* FAMenuView.m in Sources */,
				E7BE12F917F69E7600B84795 /* FANoteClockView.m in Sources */,
				E7BE12F317F69E5C00B84795 /* FANoteView.m in Sources */,
				E7120485180A67640037C32A /* FANoteItemEntity.m in Sources */,
				E775588217F75CC400616663 /* FACellFactory.m in Sources */,
				E712048B180A67920037C32A /* FAMemoryManager.m in Sources */,
				E7BE12E117F69DF900B84795 /* FANoteBookViewController.m in Sources */,
				07577EE217F8830300BF137C /* FAPopUpView.m in Sources */,
				E77558C017F7E38A00616663 /* FANoteCell.m in Sources */,
				E7BE12EA17F69E2500B84795 /* FANoteClockViewController.m in Sources */,
				07577EE817F88EB600BF137C /* FAPopupCoverView.m in Sources */,
				E7DE50E817EFD895006A67D6 /* FAAppDelegate.m in Sources */,
				E7120488180A67820037C32A /* FARepository.m in Sources */,
				E7BE12FC17F69E8200B84795 /* FAStatisticView.m in Sources */,
				E7BE12D717F699A400B84795 /* UIView+QuartzCore.m in Sources */,
				E775587C17F74ECE00616663 /* FAPanCell.m in Sources */,
				07577EE517F883C600BF137C /* FABlackCoverView.m in Sources */,
				E712048E180A679D0037C32A /* FALocalManager.m in Sources */,
				E7BE12D617F699A400B84795 /* UIView+FAServices.m in Sources */,
				07577EEB17F89BDE00BF137C /* FAMenuCoverView.m in Sources */,
				E7BE12DE17F699BA00B84795 /* FAViewController.m in Sources */,
				E7BE12E417F69E0500B84795 /* FANoteViewController.m in Sources */,
				E775587217F73AB900616663 /* UIFont+FAServices.m in Sources */,
				E775587917F74EAB00616663 /* FACell.m in Sources */,
				E7BE12ED17F69E2E00B84795 /* FAStatisticViewController.m in Sources */,
			);
			runOnlyForDeploymentPostprocessing = 0;
		};
		E7DE50EB17EFD895006A67D6 /* Sources */ = {
			isa = PBXSourcesBuildPhase;
			buildActionMask = 2147483647;
			files = (
				E7DE50FD17EFD895006A67D6 /* FitnessAssistantTests.m in Sources */,
			);
			runOnlyForDeploymentPostprocessing = 0;
		};
/* End PBXSourcesBuildPhase section */

/* Begin PBXTargetDependency section */
		E7DE50F517EFD895006A67D6 /* PBXTargetDependency */ = {
			isa = PBXTargetDependency;
			target = E7DE50D317EFD895006A67D6 /* FitnessAssistant */;
			targetProxy = E7DE50F417EFD895006A67D6 /* PBXContainerItemProxy */;
		};
/* End PBXTargetDependency section */

/* Begin PBXVariantGroup section */
		E7DE50E017EFD895006A67D6 /* InfoPlist.strings */ = {
			isa = PBXVariantGroup;
			children = (
				E7DE50E117EFD895006A67D6 /* en */,
			);
			name = InfoPlist.strings;
			sourceTree = "<group>";
		};
		E7DE50F917EFD895006A67D6 /* InfoPlist.strings */ = {
			isa = PBXVariantGroup;
			children = (
				E7DE50FA17EFD895006A67D6 /* en */,
			);
			name = InfoPlist.strings;
			sourceTree = "<group>";
		};
/* End PBXVariantGroup section */

/* Begin XCBuildConfiguration section */
		E7DE50FE17EFD895006A67D6 /* Debug */ = {
			isa = XCBuildConfiguration;
			buildSettings = {
				ALWAYS_SEARCH_USER_PATHS = NO;
				ARCHS = "$(ARCHS_STANDARD_INCLUDING_64_BIT)";
				CLANG_CXX_LANGUAGE_STANDARD = "gnu++0x";
				CLANG_CXX_LIBRARY = "libc++";
				CLANG_ENABLE_MODULES = YES;
				CLANG_ENABLE_OBJC_ARC = YES;
				CLANG_WARN_BOOL_CONVERSION = YES;
				CLANG_WARN_CONSTANT_CONVERSION = YES;
				CLANG_WARN_DIRECT_OBJC_ISA_USAGE = YES_ERROR;
				CLANG_WARN_EMPTY_BODY = YES;
				CLANG_WARN_ENUM_CONVERSION = YES;
				CLANG_WARN_INT_CONVERSION = YES;
				CLANG_WARN_OBJC_ROOT_CLASS = YES_ERROR;
				CLANG_WARN__DUPLICATE_METHOD_MATCH = YES;
				CODE_SIGN_IDENTITY = "iPhone Developer: Shengzhe Chen (S237EV664A)";
				"CODE_SIGN_IDENTITY[sdk=iphoneos*]" = "iPhone Developer";
				COPY_PHASE_STRIP = NO;
				GCC_C_LANGUAGE_STANDARD = gnu99;
				GCC_DYNAMIC_NO_PIC = NO;
				GCC_OPTIMIZATION_LEVEL = 0;
				GCC_PREPROCESSOR_DEFINITIONS = (
					"DEBUG=1",
					"$(inherited)",
				);
				GCC_SYMBOLS_PRIVATE_EXTERN = NO;
				GCC_WARN_64_TO_32_BIT_CONVERSION = YES;
				GCC_WARN_ABOUT_RETURN_TYPE = YES_ERROR;
				GCC_WARN_UNDECLARED_SELECTOR = YES;
				GCC_WARN_UNINITIALIZED_AUTOS = YES;
				GCC_WARN_UNUSED_FUNCTION = YES;
				GCC_WARN_UNUSED_VARIABLE = YES;
				IPHONEOS_DEPLOYMENT_TARGET = 7.0;
				ONLY_ACTIVE_ARCH = YES;
				SDKROOT = iphoneos;
			};
			name = Debug;
		};
		E7DE50FF17EFD895006A67D6 /* Release */ = {
			isa = XCBuildConfiguration;
			buildSettings = {
				ALWAYS_SEARCH_USER_PATHS = NO;
				ARCHS = "$(ARCHS_STANDARD_INCLUDING_64_BIT)";
				CLANG_CXX_LANGUAGE_STANDARD = "gnu++0x";
				CLANG_CXX_LIBRARY = "libc++";
				CLANG_ENABLE_MODULES = YES;
				CLANG_ENABLE_OBJC_ARC = YES;
				CLANG_WARN_BOOL_CONVERSION = YES;
				CLANG_WARN_CONSTANT_CONVERSION = YES;
				CLANG_WARN_DIRECT_OBJC_ISA_USAGE = YES_ERROR;
				CLANG_WARN_EMPTY_BODY = YES;
				CLANG_WARN_ENUM_CONVERSION = YES;
				CLANG_WARN_INT_CONVERSION = YES;
				CLANG_WARN_OBJC_ROOT_CLASS = YES_ERROR;
				CLANG_WARN__DUPLICATE_METHOD_MATCH = YES;
				CODE_SIGN_IDENTITY = "iPhone Developer: Shengzhe Chen (S237EV664A)";
				"CODE_SIGN_IDENTITY[sdk=iphoneos*]" = "iPhone Developer";
				COPY_PHASE_STRIP = YES;
				ENABLE_NS_ASSERTIONS = NO;
				GCC_C_LANGUAGE_STANDARD = gnu99;
				GCC_WARN_64_TO_32_BIT_CONVERSION = YES;
				GCC_WARN_ABOUT_RETURN_TYPE = YES_ERROR;
				GCC_WARN_UNDECLARED_SELECTOR = YES;
				GCC_WARN_UNINITIALIZED_AUTOS = YES;
				GCC_WARN_UNUSED_FUNCTION = YES;
				GCC_WARN_UNUSED_VARIABLE = YES;
				IPHONEOS_DEPLOYMENT_TARGET = 7.0;
				SDKROOT = iphoneos;
				VALIDATE_PRODUCT = YES;
			};
			name = Release;
		};
		E7DE510117EFD895006A67D6 /* Debug */ = {
			isa = XCBuildConfiguration;
			buildSettings = {
				ASSETCATALOG_COMPILER_APPICON_NAME = AppIcon;
				ASSETCATALOG_COMPILER_LAUNCHIMAGE_NAME = LaunchImage;
				CODE_SIGN_ENTITLEMENTS = FitnessAssistant/FitnessAssistant.entitlements;
				CODE_SIGN_IDENTITY = "iPhone Developer";
				GCC_PRECOMPILE_PREFIX_HEADER = YES;
				GCC_PREFIX_HEADER = "FitnessAssistant/FitnessAssistant-Prefix.pch";
				INFOPLIST_FILE = "FitnessAssistant/FitnessAssistant-Info.plist";
				PRODUCT_NAME = "$(TARGET_NAME)";
				WRAPPER_EXTENSION = app;
			};
			name = Debug;
		};
		E7DE510217EFD895006A67D6 /* Release */ = {
			isa = XCBuildConfiguration;
			buildSettings = {
				ASSETCATALOG_COMPILER_APPICON_NAME = AppIcon;
				ASSETCATALOG_COMPILER_LAUNCHIMAGE_NAME = LaunchImage;
				CODE_SIGN_ENTITLEMENTS = FitnessAssistant/FitnessAssistant.entitlements;
				CODE_SIGN_IDENTITY = "iPhone Developer";
				GCC_PRECOMPILE_PREFIX_HEADER = YES;
				GCC_PREFIX_HEADER = "FitnessAssistant/FitnessAssistant-Prefix.pch";
				INFOPLIST_FILE = "FitnessAssistant/FitnessAssistant-Info.plist";
				PRODUCT_NAME = "$(TARGET_NAME)";
				WRAPPER_EXTENSION = app;
			};
			name = Release;
		};
		E7DE510417EFD895006A67D6 /* Debug */ = {
			isa = XCBuildConfiguration;
			buildSettings = {
				ARCHS = "$(ARCHS_STANDARD_INCLUDING_64_BIT)";
				BUNDLE_LOADER = "$(BUILT_PRODUCTS_DIR)/FitnessAssistant.app/FitnessAssistant";
				FRAMEWORK_SEARCH_PATHS = (
					"$(SDKROOT)/Developer/Library/Frameworks",
					"$(inherited)",
					"$(DEVELOPER_FRAMEWORKS_DIR)",
				);
				GCC_PRECOMPILE_PREFIX_HEADER = YES;
				GCC_PREFIX_HEADER = "FitnessAssistant/FitnessAssistant-Prefix.pch";
				GCC_PREPROCESSOR_DEFINITIONS = (
					"DEBUG=1",
					"$(inherited)",
				);
				INFOPLIST_FILE = "FitnessAssistantTests/FitnessAssistantTests-Info.plist";
				PRODUCT_NAME = "$(TARGET_NAME)";
				TEST_HOST = "$(BUNDLE_LOADER)";
				WRAPPER_EXTENSION = xctest;
			};
			name = Debug;
		};
		E7DE510517EFD895006A67D6 /* Release */ = {
			isa = XCBuildConfiguration;
			buildSettings = {
				ARCHS = "$(ARCHS_STANDARD_INCLUDING_64_BIT)";
				BUNDLE_LOADER = "$(BUILT_PRODUCTS_DIR)/FitnessAssistant.app/FitnessAssistant";
				FRAMEWORK_SEARCH_PATHS = (
					"$(SDKROOT)/Developer/Library/Frameworks",
					"$(inherited)",
					"$(DEVELOPER_FRAMEWORKS_DIR)",
				);
				GCC_PRECOMPILE_PREFIX_HEADER = YES;
				GCC_PREFIX_HEADER = "FitnessAssistant/FitnessAssistant-Prefix.pch";
				INFOPLIST_FILE = "FitnessAssistantTests/FitnessAssistantTests-Info.plist";
				PRODUCT_NAME = "$(TARGET_NAME)";
				TEST_HOST = "$(BUNDLE_LOADER)";
				WRAPPER_EXTENSION = xctest;
			};
			name = Release;
		};
/* End XCBuildConfiguration section */

/* Begin XCConfigurationList section */
		E7DE50CF17EFD895006A67D6 /* Build configuration list for PBXProject "FitnessAssistant" */ = {
			isa = XCConfigurationList;
			buildConfigurations = (
				E7DE50FE17EFD895006A67D6 /* Debug */,
				E7DE50FF17EFD895006A67D6 /* Release */,
			);
			defaultConfigurationIsVisible = 0;
			defaultConfigurationName = Release;
		};
		E7DE510017EFD895006A67D6 /* Build configuration list for PBXNativeTarget "FitnessAssistant" */ = {
			isa = XCConfigurationList;
			buildConfigurations = (
				E7DE510117EFD895006A67D6 /* Debug */,
				E7DE510217EFD895006A67D6 /* Release */,
			);
			defaultConfigurationIsVisible = 0;
			defaultConfigurationName = Release;
		};
		E7DE510317EFD895006A67D6 /* Build configuration list for PBXNativeTarget "FitnessAssistantTests" */ = {
			isa = XCConfigurationList;
			buildConfigurations = (
				E7DE510417EFD895006A67D6 /* Debug */,
				E7DE510517EFD895006A67D6 /* Release */,
			);
			defaultConfigurationIsVisible = 0;
			defaultConfigurationName = Release;
		};
/* End XCConfigurationList section */
	};
	rootObject = E7DE50CC17EFD895006A67D6 /* Project object */;
}
